
Microsoft Visual Studio Solution File, Format Version 12.00
# Visual Studio Version 16
VisualStudioVersion = 16.0.32413.511
MinimumVisualStudioVersion = 10.0.40219.1
Project("{FAE04EC0-301F-11D3-BF4B-00C04F79EFBC}") = "Fingerprint.Android", "Fingerprint.Android\Fingerprint.Android.csproj", "{8B0D0255-353B-469E-A799-3805A0E3F294}"
EndProject
Project("{FAE04EC0-301F-11D3-BF4B-00C04F79EFBC}") = "Fingerprint", "Fingerprint\Fingerprint.csproj", "{8C43A642-2E91-46CA-A105-771A700B3AD4}"
EndProject
Global
	GlobalSection(SolutionConfigurationPlatforms) = preSolution
		Debug|Any CPU = Debug|Any CPU
		Release|Any CPU = Release|Any CPU
	EndGlobalSection
	GlobalSection(ProjectConfigurationPlatforms) = postSolution
		{8B0D0255-353B-469E-A799-3805A0E3F294}.Debug|Any CPU.ActiveCfg = Debug|Any CPU
		{8B0D0255-353B-469E-A799-3805A0E3F294}.Debug|Any CPU.Build.0 = Debug|Any CPU
		{8B0D0255-353B-469E-A799-3805A0E3F294}.Debug|Any CPU.Deploy.0 = Debug|Any CPU
		{8B0D0255-353B-469E-A799-3805A0E3F294}.Release|Any CPU.ActiveCfg = Release|Any CPU
		{8B0D0255-353B-469E-A799-3805A0E3F294}.Release|Any CPU.Build.0 = Release|Any CPU
		{8B0D0255-353B-469E-A799-3805A0E3F294}.Release|Any CPU.Deploy.0 = Release|Any CPU
		{8C43A642-2E91-46CA-A105-771A700B3AD4}.Debug|Any CPU.ActiveCfg = Debug|Any CPU
		{8C43A642-2E91-46CA-A105-771A700B3AD4}.Debug|Any CPU.Build.0 = Debug|Any CPU
		{8C43A642-2E91-46CA-A105-771A700B3AD4}.Debug|Any CPU.Deploy.0 = Debug|Any CPU
		{8C43A642-2E91-46CA-A105-771A700B3AD4}.Release|Any CPU.ActiveCfg = Release|Any CPU
		{8C43A642-2E91-46CA-A105-771A700B3AD4}.Release|Any CPU.Build.0 = Release|Any CPU
		{8C43A642-2E91-46CA-A105-771A700B3AD4}.Release|Any CPU.Deploy.0 = Release|Any CPU
	EndGlobalSection
	GlobalSection(SolutionProperties) = preSolution
		HideSolutionNode = FALSE
	EndGlobalSection
	GlobalSection(ExtensibilityGlobals) = postSolution
		SolutionGuid = {ADB35DE7-152E-4453-A314-93A05F9922C9}
	EndGlobalSection
EndGlobal
